{
  "name": "4.8",
  "lockfileVersion": 2,
  "requires": true,
  "packages": {
    "": {
      "dependencies": {
        "types-registry": "^0.1.618"
      },
      "devDependencies": {
        "@types/chai": "^4.3.4",
        "@types/chai-dom": "^1.11.0",
        "@types/html-encoding-sniffer": "^3.0.0",
        "@types/jsdom": "^20.0.1",
        "@types/node": "^18.11.9",
        "@types/tough-cookie": "^4.0.2",
        "@types/whatwg-encoding": "^2.0.0",
        "@types/whatwg-mimetype": "^3.0.0",
        "@types/whatwg-url": "^11.0.0"
      }
    },
    "node_modules/@types/chai": {
      "version": "4.3.4",
      "resolved": "https://registry.npmjs.org/@types/chai/-/chai-4.3.4.tgz",
      "integrity": "sha512-KnRanxnpfpjUTqTCXslZSEdLfXExwgNxYPdiO2WGUj8+HDjFi8R3k5RVKPeSCzLjCcshCAtVO2QBbVuAV4kTnw==",
      "dev": true
    },
    "node_modules/@types/chai-dom": {
      "version": "1.11.0",
      "resolved": "https://registry.npmjs.org/@types/chai-dom/-/chai-dom-1.11.0.tgz",
      "integrity": "sha512-Aja99Mmnny+Sz+T2hBK3oEsrcy18yabplT0pGX/QwIke9jMJHdvHlV2f4Tmq5SqxTMYwt1Zjbisv/4r83EUIHw==",
      "dev": true,
      "dependencies": {
        "@types/chai": "*"
      }
    },
    "node_modules/@types/html-encoding-sniffer": {
      "version": "3.0.0",
      "resolved": "https://registry.npmjs.org/@types/html-encoding-sniffer/-/html-encoding-sniffer-3.0.0.tgz",
      "integrity": "sha512-QZPmoGcSNPN7uefmW8gufE7uJRE6MRvDIocNBKn7Sge5bQKwu9ZT1OsckXzKTkmOQYtkCAsch6qDxGu6b0Jxtg==",
      "dev": true
    },
    "node_modules/@types/jsdom": {
      "version": "20.0.1",
      "resolved": "https://registry.npmjs.org/@types/jsdom/-/jsdom-20.0.1.tgz",
      "integrity": "sha512-d0r18sZPmMQr1eG35u12FZfhIXNrnsPU/g5wvRKCUf/tOGilKKwYMYGqh33BNR6ba+2gkHw1EUiHoN3mn7E5IQ==",
      "dev": true,
      "dependencies": {
        "@types/node": "*",
        "@types/tough-cookie": "*",
        "parse5": "^7.0.0"
      }
    },
    "node_modules/@types/node": {
      "version": "18.11.9",
      "resolved": "https://registry.npmjs.org/@types/node/-/node-18.11.9.tgz",
      "integrity": "sha512-CRpX21/kGdzjOpFsZSkcrXMGIBWMGNIHXXBVFSH+ggkftxg+XYP20TESbh+zFvFj3EQOl5byk0HTRn1IL6hbqg==",
      "dev": true
    },
    "node_modules/@types/tough-cookie": {
      "version": "4.0.2",
      "resolved": "https://registry.npmjs.org/@types/tough-cookie/-/tough-cookie-4.0.2.tgz",
      "integrity": "sha512-Q5vtl1W5ue16D+nIaW8JWebSSraJVlK+EthKn7e7UcD4KWsaSJ8BqGPXNaPghgtcn/fhvrN17Tv8ksUsQpiplw==",
      "dev": true
    },
    "node_modules/@types/webidl-conversions": {
      "version": "7.0.0",
      "resolved": "https://registry.npmjs.org/@types/webidl-conversions/-/webidl-conversions-7.0.0.tgz",
      "integrity": "sha512-xTE1E+YF4aWPJJeUzaZI5DRntlkY3+BCVJi0axFptnjGmAoWxkyREIh/XMrfxVLejwQxMCfDXdICo0VLxThrog==",
      "dev": true
    },
    "node_modules/@types/whatwg-encoding": {
      "version": "2.0.0",
      "resolved": "https://registry.npmjs.org/@types/whatwg-encoding/-/whatwg-encoding-2.0.0.tgz",
      "integrity": "sha512-vobcY1B39SA3vqv1i2Flj97NkCBVsoqgx0+EL94bg1Cy1DYyLf0RaKEkKaU/iOyW74bGRu/Ehr2fGdRUu4D/oA==",
      "dev": true
    },
    "node_modules/@types/whatwg-mimetype": {
      "version": "3.0.0",
      "resolved": "https://registry.npmjs.org/@types/whatwg-mimetype/-/whatwg-mimetype-3.0.0.tgz",
      "integrity": "sha512-xHFOhd41VpUR6Y0k8ZinlyFv5cyhC/r2zghJgWWN8oNxqNo45Nf0qCBInJsFeifLeoHcIF4voEfap4A2GYHWkw==",
      "dev": true
    },
    "node_modules/@types/whatwg-url": {
      "version": "11.0.0",
      "resolved": "https://registry.npmjs.org/@types/whatwg-url/-/whatwg-url-11.0.0.tgz",
      "integrity": "sha512-4F6szvZP3FM5HvJAmcInXBfrAhvM4tLIc8MO1nXwabG5TZVOLxVmAXRpICqXYd3lBlomSRGmLCopYV+yTocgpQ==",
      "dev": true,
      "dependencies": {
        "@types/webidl-conversions": "*"
      }
    },
    "node_modules/entities": {
      "version": "4.4.0",
      "resolved": "https://registry.npmjs.org/entities/-/entities-4.4.0.tgz",
      "integrity": "sha512-oYp7156SP8LkeGD0GF85ad1X9Ai79WtRsZ2gxJqtBuzH+98YUV6jkHEKlZkMbcrjJjIVJNIDP/3WL9wQkoPbWA==",
      "dev": true,
      "engines": {
        "node": ">=0.12"
      },
      "funding": {
        "url": "https://github.com/fb55/entities?sponsor=1"
      }
    },
    "node_modules/parse5": {
      "version": "7.1.1",
      "resolved": "https://registry.npmjs.org/parse5/-/parse5-7.1.1.tgz",
      "integrity": "sha512-kwpuwzB+px5WUg9pyK0IcK/shltJN5/OVhQagxhCQNtT9Y9QRZqNY2e1cmbu/paRh5LMnz/oVTVLBpjFmMZhSg==",
      "dev": true,
      "dependencies": {
        "entities": "^4.4.0"
      },
      "funding": {
        "url": "https://github.com/inikulin/parse5?sponsor=1"
      }
    },
    "node_modules/types-registry": {
      "version": "0.1.618",
      "resolved": "https://registry.npmjs.org/types-registry/-/types-registry-0.1.618.tgz",
      "integrity": "sha512-rQtZ10AtfBLzAod3akJO8ZoEMqzcf5GtOBFZFWoempevbfJx8P058qSk1EKeLggbdcUP/xrLvq4mjR61DCz5Yw=="
    }
  },
  "dependencies": {
    "@types/chai": {
      "version": "4.3.4",
      "resolved": "https://registry.npmjs.org/@types/chai/-/chai-4.3.4.tgz",
      "integrity": "sha512-KnRanxnpfpjUTqTCXslZSEdLfXExwgNxYPdiO2WGUj8+HDjFi8R3k5RVKPeSCzLjCcshCAtVO2QBbVuAV4kTnw==",
      "dev": true
    },
    "@types/chai-dom": {
      "version": "1.11.0",
      "resolved": "https://registry.npmjs.org/@types/chai-dom/-/chai-dom-1.11.0.tgz",
      "integrity": "sha512-Aja99Mmnny+Sz+T2hBK3oEsrcy18yabplT0pGX/QwIke9jMJHdvHlV2f4Tmq5SqxTMYwt1Zjbisv/4r83EUIHw==",
      "dev": true,
      "requires": {
        "@types/chai": "*"
      }
    },
    "@types/html-encoding-sniffer": {
      "version": "3.0.0",
      "resolved": "https://registry.npmjs.org/@types/html-encoding-sniffer/-/html-encoding-sniffer-3.0.0.tgz",
      "integrity": "sha512-QZPmoGcSNPN7uefmW8gufE7uJRE6MRvDIocNBKn7Sge5bQKwu9ZT1OsckXzKTkmOQYtkCAsch6qDxGu6b0Jxtg==",
      "dev": true
    },
    "@types/jsdom": {
      "version": "20.0.1",
      "resolved": "https://registry.npmjs.org/@types/jsdom/-/jsdom-20.0.1.tgz",
      "integrity": "sha512-d0r18sZPmMQr1eG35u12FZfhIXNrnsPU/g5wvRKCUf/tOGilKKwYMYGqh33BNR6ba+2gkHw1EUiHoN3mn7E5IQ==",
      "dev": true,
      "requires": {
        "@types/node": "*",
        "@types/tough-cookie": "*",
        "parse5": "^7.0.0"
      }
    },
    "@types/node": {
      "version": "18.11.9",
      "resolved": "https://registry.npmjs.org/@types/node/-/node-18.11.9.tgz",
      "integrity": "sha512-CRpX21/kGdzjOpFsZSkcrXMGIBWMGNIHXXBVFSH+ggkftxg+XYP20TESbh+zFvFj3EQOl5byk0HTRn1IL6hbqg==",
      "dev": true
    },
    "@types/tough-cookie": {
      "version": "4.0.2",
      "resolved": "https://registry.npmjs.org/@types/tough-cookie/-/tough-cookie-4.0.2.tgz",
      "integrity": "sha512-Q5vtl1W5ue16D+nIaW8JWebSSraJVlK+EthKn7e7UcD4KWsaSJ8BqGPXNaPghgtcn/fhvrN17Tv8ksUsQpiplw==",
      "dev": true
    },
    "@types/webidl-conversions": {
      "version": "7.0.0",
      "resolved": "https://registry.npmjs.org/@types/webidl-conversions/-/webidl-conversions-7.0.0.tgz",
      "integrity": "sha512-xTE1E+YF4aWPJJeUzaZI5DRntlkY3+BCVJi0axFptnjGmAoWxkyREIh/XMrfxVLejwQxMCfDXdICo0VLxThrog==",
      "dev": true
    },
    "@types/whatwg-encoding": {
      "version": "2.0.0",
      "resolved": "https://registry.npmjs.org/@types/whatwg-encoding/-/whatwg-encoding-2.0.0.tgz",
      "integrity": "sha512-vobcY1B39SA3vqv1i2Flj97NkCBVsoqgx0+EL94bg1Cy1DYyLf0RaKEkKaU/iOyW74bGRu/Ehr2fGdRUu4D/oA==",
      "dev": true
    },
    "@types/whatwg-mimetype": {
      "version": "3.0.0",
      "resolved": "https://registry.npmjs.org/@types/whatwg-mimetype/-/whatwg-mimetype-3.0.0.tgz",
      "integrity": "sha512-xHFOhd41VpUR6Y0k8ZinlyFv5cyhC/r2zghJgWWN8oNxqNo45Nf0qCBInJsFeifLeoHcIF4voEfap4A2GYHWkw==",
      "dev": true
    },
    "@types/whatwg-url": {
      "version": "11.0.0",
      "resolved": "https://registry.npmjs.org/@types/whatwg-url/-/whatwg-url-11.0.0.tgz",
      "integrity": "sha512-4F6szvZP3FM5HvJAmcInXBfrAhvM4tLIc8MO1nXwabG5TZVOLxVmAXRpICqXYd3lBlomSRGmLCopYV+yTocgpQ==",
      "dev": true,
      "requires": {
        "@types/webidl-conversions": "*"
      }
    },
    "entities": {
      "version": "4.4.0",
      "resolved": "https://registry.npmjs.org/entities/-/entities-4.4.0.tgz",
      "integrity": "sha512-oYp7156SP8LkeGD0GF85ad1X9Ai79WtRsZ2gxJqtBuzH+98YUV6jkHEKlZkMbcrjJjIVJNIDP/3WL9wQkoPbWA==",
      "dev": true
    },
    "parse5": {
      "version": "7.1.1",
      "resolved": "https://registry.npmjs.org/parse5/-/parse5-7.1.1.tgz",
      "integrity": "sha512-kwpuwzB+px5WUg9pyK0IcK/shltJN5/OVhQagxhCQNtT9Y9QRZqNY2e1cmbu/paRh5LMnz/oVTVLBpjFmMZhSg==",
      "dev": true,
      "requires": {
        "entities": "^4.4.0"
      }
    },
    "types-registry": {
      "version": "0.1.618",
      "resolved": "https://registry.npmjs.org/types-registry/-/types-registry-0.1.618.tgz",
      "integrity": "sha512-rQtZ10AtfBLzAod3akJO8ZoEMqzcf5GtOBFZFWoempevbfJx8P058qSk1EKeLggbdcUP/xrLvq4mjR61DCz5Yw=="
    }
  }
}
