{
  "name": "4.8",
  "lockfileVersion": 2,
  "requires": true,
  "packages": {
    "": {
      "dependencies": {
        "types-registry": "^0.1.633"
      },
      "devDependencies": {
        "@types/babel__core": "^7.20.0",
        "@types/babel__preset-env": "^7.9.2",
        "@types/babel-core": "^6.25.7",
        "@types/chai": "^4.3.4",
        "@types/chai-dom": "^1.11.0",
        "@types/chai-spies": "^1.0.3",
        "@types/html-encoding-sniffer": "^3.0.0",
        "@types/jsdom": "^21.1.0",
        "@types/json-server": "^0.14.4",
        "@types/mocha": "^10.0.1",
        "@types/node": "^18.11.9",
        "@types/node-fetch": "^2.6.2",
        "@types/prompt-sync": "^4.2.0",
        "@types/sinon": "^10.0.13",
        "@types/sinon-stub-promise": "^2.1.7",
        "@types/tough-cookie": "^4.0.2",
        "@types/whatwg-encoding": "^2.0.0",
        "@types/whatwg-mimetype": "^3.0.0",
        "@types/whatwg-url": "^11.0.0"
      }
    },
    "node_modules/@babel/helper-string-parser": {
      "version": "7.19.4",
      "resolved": "https://registry.npmjs.org/@babel/helper-string-parser/-/helper-string-parser-7.19.4.tgz",
      "integrity": "sha512-nHtDoQcuqFmwYNYPz3Rah5ph2p8PFeFCsZk9A/48dPc/rGocJ5J3hAAZ7pb76VWX3fZKu+uEr/FhH5jLx7umrw==",
      "dev": true,
      "engines": {
        "node": ">=6.9.0"
      }
    },
    "node_modules/@babel/helper-validator-identifier": {
      "version": "7.19.1",
      "resolved": "https://registry.npmjs.org/@babel/helper-validator-identifier/-/helper-validator-identifier-7.19.1.tgz",
      "integrity": "sha512-awrNfaMtnHUr653GgGEs++LlAvW6w+DcPrOliSMXWCKo597CwL5Acf/wWdNkf/tfEQE3mjkeD1YOVZOUV/od1w==",
      "dev": true,
      "engines": {
        "node": ">=6.9.0"
      }
    },
    "node_modules/@babel/parser": {
      "version": "7.20.15",
      "resolved": "https://registry.npmjs.org/@babel/parser/-/parser-7.20.15.tgz",
      "integrity": "sha512-DI4a1oZuf8wC+oAJA9RW6ga3Zbe8RZFt7kD9i4qAspz3I/yHet1VvC3DiSy/fsUvv5pvJuNPh0LPOdCcqinDPg==",
      "dev": true,
      "bin": {
        "parser": "bin/babel-parser.js"
      },
      "engines": {
        "node": ">=6.0.0"
      }
    },
    "node_modules/@babel/types": {
      "version": "7.20.7",
      "resolved": "https://registry.npmjs.org/@babel/types/-/types-7.20.7.tgz",
      "integrity": "sha512-69OnhBxSSgK0OzTJai4kyPDiKTIe3j+ctaHdIGVbRahTLAT7L3R9oeXHC2aVSuGYt3cVnoAMDmOCgJ2yaiLMvg==",
      "dev": true,
      "dependencies": {
        "@babel/helper-string-parser": "^7.19.4",
        "@babel/helper-validator-identifier": "^7.19.1",
        "to-fast-properties": "^2.0.0"
      },
      "engines": {
        "node": ">=6.9.0"
      }
    },
    "node_modules/@types/babel__core": {
      "version": "7.20.0",
      "resolved": "https://registry.npmjs.org/@types/babel__core/-/babel__core-7.20.0.tgz",
      "integrity": "sha512-+n8dL/9GWblDO0iU6eZAwEIJVr5DWigtle+Q6HLOrh/pdbXOhOtqzq8VPPE2zvNJzSKY4vH/z3iT3tn0A3ypiQ==",
      "dev": true,
      "dependencies": {
        "@babel/parser": "^7.20.7",
        "@babel/types": "^7.20.7",
        "@types/babel__generator": "*",
        "@types/babel__template": "*",
        "@types/babel__traverse": "*"
      }
    },
    "node_modules/@types/babel__generator": {
      "version": "7.6.4",
      "resolved": "https://registry.npmjs.org/@types/babel__generator/-/babel__generator-7.6.4.tgz",
      "integrity": "sha512-tFkciB9j2K755yrTALxD44McOrk+gfpIpvC3sxHjRawj6PfnQxrse4Clq5y/Rq+G3mrBurMax/lG8Qn2t9mSsg==",
      "dev": true,
      "dependencies": {
        "@babel/types": "^7.0.0"
      }
    },
    "node_modules/@types/babel__preset-env": {
      "version": "7.9.2",
      "resolved": "https://registry.npmjs.org/@types/babel__preset-env/-/babel__preset-env-7.9.2.tgz",
      "integrity": "sha512-epEgKQiqTDZdPgYwtriYK1GVAGcyVZVvvw2UatX3+95mogKGimebApcMEWLF12uhUbNIvX284CSQEavnV/OIgw==",
      "dev": true
    },
    "node_modules/@types/babel__template": {
      "version": "7.4.1",
      "resolved": "https://registry.npmjs.org/@types/babel__template/-/babel__template-7.4.1.tgz",
      "integrity": "sha512-azBFKemX6kMg5Io+/rdGT0dkGreboUVR0Cdm3fz9QJWpaQGJRQXl7C+6hOTCZcMll7KFyEQpgbYI2lHdsS4U7g==",
      "dev": true,
      "dependencies": {
        "@babel/parser": "^7.1.0",
        "@babel/types": "^7.0.0"
      }
    },
    "node_modules/@types/babel__traverse": {
      "version": "7.18.2",
      "resolved": "https://registry.npmjs.org/@types/babel__traverse/-/babel__traverse-7.18.2.tgz",
      "integrity": "sha512-FcFaxOr2V5KZCviw1TnutEMVUVsGt4D2hP1TAfXZAMKuHYW3xQhe3jTxNPWutgCJ3/X1c5yX8ZoGVEItxKbwBg==",
      "dev": true,
      "dependencies": {
        "@babel/types": "^7.3.0"
      }
    },
    "node_modules/@types/babel-core": {
      "version": "6.25.7",
      "resolved": "https://registry.npmjs.org/@types/babel-core/-/babel-core-6.25.7.tgz",
      "integrity": "sha512-WPnyzNFVRo6bxpr7bcL27qXtNKNQ3iToziNBpibaXHyKGWQA0+tTLt73QQxC/5zzbM544ih6Ni5L5xrck6rGwg==",
      "dev": true,
      "dependencies": {
        "@types/babel-generator": "*",
        "@types/babel-template": "*",
        "@types/babel-traverse": "*",
        "@types/babel-types": "*",
        "@types/babylon": "*"
      }
    },
    "node_modules/@types/babel-generator": {
      "version": "6.25.5",
      "resolved": "https://registry.npmjs.org/@types/babel-generator/-/babel-generator-6.25.5.tgz",
      "integrity": "sha512-lhbwMlAy5rfWG+R6l8aPtJdEFX/kcv6LMFIuvUb0i89ehqgD24je9YcB+0fRspQhgJGlEsUImxpw4pQeKS/+8Q==",
      "dev": true,
      "dependencies": {
        "@types/babel-types": "*"
      }
    },
    "node_modules/@types/babel-template": {
      "version": "6.25.2",
      "resolved": "https://registry.npmjs.org/@types/babel-template/-/babel-template-6.25.2.tgz",
      "integrity": "sha512-QKtDQRJmAz3Y1HSxfMl0syIHebMc/NnOeH/8qeD0zjgU2juD0uyC922biMxCy5xjTNvHinigML2l8kxE8eEBmw==",
      "dev": true,
      "dependencies": {
        "@types/babel-types": "*",
        "@types/babylon": "*"
      }
    },
    "node_modules/@types/babel-traverse": {
      "version": "6.25.7",
      "resolved": "https://registry.npmjs.org/@types/babel-traverse/-/babel-traverse-6.25.7.tgz",
      "integrity": "sha512-BeQiEGLnVzypzBdsexEpZAHUx+WucOMXW6srEWDkl4SegBlaCy+iBvRO+4vz6EZ+BNQg22G4MCdDdvZxf+jW5A==",
      "dev": true,
      "dependencies": {
        "@types/babel-types": "*"
      }
    },
    "node_modules/@types/babel-types": {
      "version": "7.0.11",
      "resolved": "https://registry.npmjs.org/@types/babel-types/-/babel-types-7.0.11.tgz",
      "integrity": "sha512-pkPtJUUY+Vwv6B1inAz55rQvivClHJxc9aVEPPmaq2cbyeMLCiDpbKpcKyX4LAwpNGi+SHBv0tHv6+0gXv0P2A==",
      "dev": true
    },
    "node_modules/@types/babylon": {
      "version": "6.16.6",
      "resolved": "https://registry.npmjs.org/@types/babylon/-/babylon-6.16.6.tgz",
      "integrity": "sha512-G4yqdVlhr6YhzLXFKy5F7HtRBU8Y23+iWy7UKthMq/OSQnL1hbsoeXESQ2LY8zEDlknipDG3nRGhUC9tkwvy/w==",
      "dev": true,
      "dependencies": {
        "@types/babel-types": "*"
      }
    },
    "node_modules/@types/body-parser": {
      "version": "1.19.2",
      "resolved": "https://registry.npmjs.org/@types/body-parser/-/body-parser-1.19.2.tgz",
      "integrity": "sha512-ALYone6pm6QmwZoAgeyNksccT9Q4AWZQ6PvfwR37GT6r6FWUPguq6sUmNGSMV2Wr761oQoBxwGGa6DR5o1DC9g==",
      "dev": true,
      "dependencies": {
        "@types/connect": "*",
        "@types/node": "*"
      }
    },
    "node_modules/@types/chai": {
      "version": "4.3.4",
      "resolved": "https://registry.npmjs.org/@types/chai/-/chai-4.3.4.tgz",
      "integrity": "sha512-KnRanxnpfpjUTqTCXslZSEdLfXExwgNxYPdiO2WGUj8+HDjFi8R3k5RVKPeSCzLjCcshCAtVO2QBbVuAV4kTnw==",
      "dev": true
    },
    "node_modules/@types/chai-dom": {
      "version": "1.11.0",
      "resolved": "https://registry.npmjs.org/@types/chai-dom/-/chai-dom-1.11.0.tgz",
      "integrity": "sha512-Aja99Mmnny+Sz+T2hBK3oEsrcy18yabplT0pGX/QwIke9jMJHdvHlV2f4Tmq5SqxTMYwt1Zjbisv/4r83EUIHw==",
      "dev": true,
      "dependencies": {
        "@types/chai": "*"
      }
    },
    "node_modules/@types/chai-spies": {
      "version": "1.0.3",
      "resolved": "https://registry.npmjs.org/@types/chai-spies/-/chai-spies-1.0.3.tgz",
      "integrity": "sha512-RBZjhVuK7vrg4rWMt04UF5zHYwfHnpk5mIWu3nQvU3AKGDixXzSjZ6v0zke6pBcaJqMv3IBZ5ibLWPMRDL0sLw==",
      "dev": true,
      "dependencies": {
        "@types/chai": "*"
      }
    },
    "node_modules/@types/connect": {
      "version": "3.4.35",
      "resolved": "https://registry.npmjs.org/@types/connect/-/connect-3.4.35.tgz",
      "integrity": "sha512-cdeYyv4KWoEgpBISTxWvqYsVy444DOqehiF3fM3ne10AmJ62RSyNkUnxMJXHQWRQQX2eR94m5y1IZyDwBjV9FQ==",
      "dev": true,
      "dependencies": {
        "@types/node": "*"
      }
    },
    "node_modules/@types/express": {
      "version": "4.17.15",
      "resolved": "https://registry.npmjs.org/@types/express/-/express-4.17.15.tgz",
      "integrity": "sha512-Yv0k4bXGOH+8a+7bELd2PqHQsuiANB+A8a4gnQrkRWzrkKlb6KHaVvyXhqs04sVW/OWlbPyYxRgYlIXLfrufMQ==",
      "dev": true,
      "dependencies": {
        "@types/body-parser": "*",
        "@types/express-serve-static-core": "^4.17.31",
        "@types/qs": "*",
        "@types/serve-static": "*"
      }
    },
    "node_modules/@types/express-serve-static-core": {
      "version": "4.17.31",
      "resolved": "https://registry.npmjs.org/@types/express-serve-static-core/-/express-serve-static-core-4.17.31.tgz",
      "integrity": "sha512-DxMhY+NAsTwMMFHBTtJFNp5qiHKJ7TeqOo23zVEM9alT1Ml27Q3xcTH0xwxn7Q0BbMcVEJOs/7aQtUWupUQN3Q==",
      "dev": true,
      "dependencies": {
        "@types/node": "*",
        "@types/qs": "*",
        "@types/range-parser": "*"
      }
    },
    "node_modules/@types/html-encoding-sniffer": {
      "version": "3.0.0",
      "resolved": "https://registry.npmjs.org/@types/html-encoding-sniffer/-/html-encoding-sniffer-3.0.0.tgz",
      "integrity": "sha512-QZPmoGcSNPN7uefmW8gufE7uJRE6MRvDIocNBKn7Sge5bQKwu9ZT1OsckXzKTkmOQYtkCAsch6qDxGu6b0Jxtg==",
      "dev": true
    },
    "node_modules/@types/jsdom": {
      "version": "21.1.0",
      "resolved": "https://registry.npmjs.org/@types/jsdom/-/jsdom-21.1.0.tgz",
      "integrity": "sha512-leWreJOdnuIxq9Y70tBVm/bvTuh31DSlF/r4l7Cfi4uhVQqLHD0Q4v301GMisEMwwbMgF7ZKxuZ+Jbd4NcdmRw==",
      "dev": true,
      "dependencies": {
        "@types/node": "*",
        "@types/tough-cookie": "*",
        "parse5": "^7.0.0"
      }
    },
    "node_modules/@types/json-server": {
      "version": "0.14.4",
      "resolved": "https://registry.npmjs.org/@types/json-server/-/json-server-0.14.4.tgz",
      "integrity": "sha512-mzeeqxw4cl+1hKm/Fp8ELhrukX2r7312G5DfdksLSpQCSeczauohzX4kbQWa4xUN7FlClct6nBubr1tos+XIeQ==",
      "dev": true,
      "dependencies": {
        "@types/connect": "*",
        "@types/express": "*",
        "@types/lowdb": "*"
      }
    },
    "node_modules/@types/lodash": {
      "version": "4.14.191",
      "resolved": "https://registry.npmjs.org/@types/lodash/-/lodash-4.14.191.tgz",
      "integrity": "sha512-BdZ5BCCvho3EIXw6wUCXHe7rS53AIDPLE+JzwgT+OsJk53oBfbSmZZ7CX4VaRoN78N+TJpFi9QPlfIVNmJYWxQ==",
      "dev": true
    },
    "node_modules/@types/lowdb": {
      "version": "1.0.11",
      "resolved": "https://registry.npmjs.org/@types/lowdb/-/lowdb-1.0.11.tgz",
      "integrity": "sha512-h99VMxvTuz+VsXUVCCJo4dsps4vbkXwvU71TpmxDoiBU24bJ0VBygIHgmMm+UPoQIFihmV6euRik4z8J7XDJWg==",
      "dev": true,
      "dependencies": {
        "@types/lodash": "*"
      }
    },
    "node_modules/@types/mime": {
      "version": "3.0.1",
      "resolved": "https://registry.npmjs.org/@types/mime/-/mime-3.0.1.tgz",
      "integrity": "sha512-Y4XFY5VJAuw0FgAqPNd6NNoV44jbq9Bz2L7Rh/J6jLTiHBSBJa9fxqQIvkIld4GsoDOcCbvzOUAbLPsSKKg+uA==",
      "dev": true
    },
    "node_modules/@types/mocha": {
      "version": "10.0.1",
      "resolved": "https://registry.npmjs.org/@types/mocha/-/mocha-10.0.1.tgz",
      "integrity": "sha512-/fvYntiO1GeICvqbQ3doGDIP97vWmvFt83GKguJ6prmQM2iXZfFcq6YE8KteFyRtX2/h5Hf91BYvPodJKFYv5Q==",
      "dev": true
    },
    "node_modules/@types/node": {
      "version": "18.11.9",
      "resolved": "https://registry.npmjs.org/@types/node/-/node-18.11.9.tgz",
      "integrity": "sha512-CRpX21/kGdzjOpFsZSkcrXMGIBWMGNIHXXBVFSH+ggkftxg+XYP20TESbh+zFvFj3EQOl5byk0HTRn1IL6hbqg==",
      "dev": true
    },
    "node_modules/@types/node-fetch": {
      "version": "2.6.2",
      "resolved": "https://registry.npmjs.org/@types/node-fetch/-/node-fetch-2.6.2.tgz",
      "integrity": "sha512-DHqhlq5jeESLy19TYhLakJ07kNumXWjcDdxXsLUMJZ6ue8VZJj4kLPQVE/2mdHh3xZziNF1xppu5lwmS53HR+A==",
      "dev": true,
      "dependencies": {
        "@types/node": "*",
        "form-data": "^3.0.0"
      }
    },
    "node_modules/@types/prompt-sync": {
      "version": "4.2.0",
      "resolved": "https://registry.npmjs.org/@types/prompt-sync/-/prompt-sync-4.2.0.tgz",
      "integrity": "sha512-5RPQYDT7MNkt+vq6xp58tSPx4THANyQcBSaw3Ni+KV7MUAgvUUbmCsQmcPVrcc8dwuURSPixz2qTJdJF6ABSKw==",
      "dev": true
    },
    "node_modules/@types/qs": {
      "version": "6.9.7",
      "resolved": "https://registry.npmjs.org/@types/qs/-/qs-6.9.7.tgz",
      "integrity": "sha512-FGa1F62FT09qcrueBA6qYTrJPVDzah9a+493+o2PCXsesWHIn27G98TsSMs3WPNbZIEj4+VJf6saSFpvD+3Zsw==",
      "dev": true
    },
    "node_modules/@types/range-parser": {
      "version": "1.2.4",
      "resolved": "https://registry.npmjs.org/@types/range-parser/-/range-parser-1.2.4.tgz",
      "integrity": "sha512-EEhsLsD6UsDM1yFhAvy0Cjr6VwmpMWqFBCb9w07wVugF7w9nfajxLuVmngTIpgS6svCnm6Vaw+MZhoDCKnOfsw==",
      "dev": true
    },
    "node_modules/@types/serve-static": {
      "version": "1.15.0",
      "resolved": "https://registry.npmjs.org/@types/serve-static/-/serve-static-1.15.0.tgz",
      "integrity": "sha512-z5xyF6uh8CbjAu9760KDKsH2FcDxZ2tFCsA4HIMWE6IkiYMXfVoa+4f9KX+FN0ZLsaMw1WNG2ETLA6N+/YA+cg==",
      "dev": true,
      "dependencies": {
        "@types/mime": "*",
        "@types/node": "*"
      }
    },
    "node_modules/@types/sinon": {
      "version": "10.0.13",
      "resolved": "https://registry.npmjs.org/@types/sinon/-/sinon-10.0.13.tgz",
      "integrity": "sha512-UVjDqJblVNQYvVNUsj0PuYYw0ELRmgt1Nt5Vk0pT5f16ROGfcKJY8o1HVuMOJOpD727RrGB9EGvoaTQE5tgxZQ==",
      "dev": true,
      "dependencies": {
        "@types/sinonjs__fake-timers": "*"
      }
    },
    "node_modules/@types/sinon-stub-promise": {
      "version": "2.1.7",
      "resolved": "https://registry.npmjs.org/@types/sinon-stub-promise/-/sinon-stub-promise-2.1.7.tgz",
      "integrity": "sha512-61bXEDKZLappXuD+G1BnmhugnCjZ7JfGZ9T43Ku9+34pz6cpjN3C3nILq+2tP5EqCvfz/8fGtBEmQjNOxF+r9Q==",
      "dev": true,
      "dependencies": {
        "@types/sinon": "*"
      }
    },
    "node_modules/@types/sinonjs__fake-timers": {
      "version": "8.1.2",
      "resolved": "https://registry.npmjs.org/@types/sinonjs__fake-timers/-/sinonjs__fake-timers-8.1.2.tgz",
      "integrity": "sha512-9GcLXF0/v3t80caGs5p2rRfkB+a8VBGLJZVih6CNFkx8IZ994wiKKLSRs9nuFwk1HevWs/1mnUmkApGrSGsShA==",
      "dev": true
    },
    "node_modules/@types/tough-cookie": {
      "version": "4.0.2",
      "resolved": "https://registry.npmjs.org/@types/tough-cookie/-/tough-cookie-4.0.2.tgz",
      "integrity": "sha512-Q5vtl1W5ue16D+nIaW8JWebSSraJVlK+EthKn7e7UcD4KWsaSJ8BqGPXNaPghgtcn/fhvrN17Tv8ksUsQpiplw==",
      "dev": true
    },
    "node_modules/@types/webidl-conversions": {
      "version": "7.0.0",
      "resolved": "https://registry.npmjs.org/@types/webidl-conversions/-/webidl-conversions-7.0.0.tgz",
      "integrity": "sha512-xTE1E+YF4aWPJJeUzaZI5DRntlkY3+BCVJi0axFptnjGmAoWxkyREIh/XMrfxVLejwQxMCfDXdICo0VLxThrog==",
      "dev": true
    },
    "node_modules/@types/whatwg-encoding": {
      "version": "2.0.0",
      "resolved": "https://registry.npmjs.org/@types/whatwg-encoding/-/whatwg-encoding-2.0.0.tgz",
      "integrity": "sha512-vobcY1B39SA3vqv1i2Flj97NkCBVsoqgx0+EL94bg1Cy1DYyLf0RaKEkKaU/iOyW74bGRu/Ehr2fGdRUu4D/oA==",
      "dev": true
    },
    "node_modules/@types/whatwg-mimetype": {
      "version": "3.0.0",
      "resolved": "https://registry.npmjs.org/@types/whatwg-mimetype/-/whatwg-mimetype-3.0.0.tgz",
      "integrity": "sha512-xHFOhd41VpUR6Y0k8ZinlyFv5cyhC/r2zghJgWWN8oNxqNo45Nf0qCBInJsFeifLeoHcIF4voEfap4A2GYHWkw==",
      "dev": true
    },
    "node_modules/@types/whatwg-url": {
      "version": "11.0.0",
      "resolved": "https://registry.npmjs.org/@types/whatwg-url/-/whatwg-url-11.0.0.tgz",
      "integrity": "sha512-4F6szvZP3FM5HvJAmcInXBfrAhvM4tLIc8MO1nXwabG5TZVOLxVmAXRpICqXYd3lBlomSRGmLCopYV+yTocgpQ==",
      "dev": true,
      "dependencies": {
        "@types/webidl-conversions": "*"
      }
    },
    "node_modules/asynckit": {
      "version": "0.4.0",
      "resolved": "https://registry.npmjs.org/asynckit/-/asynckit-0.4.0.tgz",
      "integrity": "sha512-Oei9OH4tRh0YqU3GxhX79dM/mwVgvbZJaSNaRk+bshkj0S5cfHcgYakreBjrHwatXKbz+IoIdYLxrKim2MjW0Q==",
      "dev": true
    },
    "node_modules/combined-stream": {
      "version": "1.0.8",
      "resolved": "https://registry.npmjs.org/combined-stream/-/combined-stream-1.0.8.tgz",
      "integrity": "sha512-FQN4MRfuJeHf7cBbBMJFXhKSDq+2kAArBlmRBvcvFE5BB1HZKXtSFASDhdlz9zOYwxh8lDdnvmMOe/+5cdoEdg==",
      "dev": true,
      "dependencies": {
        "delayed-stream": "~1.0.0"
      },
      "engines": {
        "node": ">= 0.8"
      }
    },
    "node_modules/delayed-stream": {
      "version": "1.0.0",
      "resolved": "https://registry.npmjs.org/delayed-stream/-/delayed-stream-1.0.0.tgz",
      "integrity": "sha512-ZySD7Nf91aLB0RxL4KGrKHBXl7Eds1DAmEdcoVawXnLD7SDhpNgtuII2aAkg7a7QS41jxPSZ17p4VdGnMHk3MQ==",
      "dev": true,
      "engines": {
        "node": ">=0.4.0"
      }
    },
    "node_modules/entities": {
      "version": "4.4.0",
      "resolved": "https://registry.npmjs.org/entities/-/entities-4.4.0.tgz",
      "integrity": "sha512-oYp7156SP8LkeGD0GF85ad1X9Ai79WtRsZ2gxJqtBuzH+98YUV6jkHEKlZkMbcrjJjIVJNIDP/3WL9wQkoPbWA==",
      "dev": true,
      "engines": {
        "node": ">=0.12"
      },
      "funding": {
        "url": "https://github.com/fb55/entities?sponsor=1"
      }
    },
    "node_modules/form-data": {
      "version": "3.0.1",
      "resolved": "https://registry.npmjs.org/form-data/-/form-data-3.0.1.tgz",
      "integrity": "sha512-RHkBKtLWUVwd7SqRIvCZMEvAMoGUp0XU+seQiZejj0COz3RI3hWP4sCv3gZWWLjJTd7rGwcsF5eKZGii0r/hbg==",
      "dev": true,
      "dependencies": {
        "asynckit": "^0.4.0",
        "combined-stream": "^1.0.8",
        "mime-types": "^2.1.12"
      },
      "engines": {
        "node": ">= 6"
      }
    },
    "node_modules/mime-db": {
      "version": "1.52.0",
      "resolved": "https://registry.npmjs.org/mime-db/-/mime-db-1.52.0.tgz",
      "integrity": "sha512-sPU4uV7dYlvtWJxwwxHD0PuihVNiE7TyAbQ5SWxDCB9mUYvOgroQOwYQQOKPJ8CIbE+1ETVlOoK1UC2nU3gYvg==",
      "dev": true,
      "engines": {
        "node": ">= 0.6"
      }
    },
    "node_modules/mime-types": {
      "version": "2.1.35",
      "resolved": "https://registry.npmjs.org/mime-types/-/mime-types-2.1.35.tgz",
      "integrity": "sha512-ZDY+bPm5zTTF+YpCrAU9nK0UgICYPT0QtT1NZWFv4s++TNkcgVaT0g6+4R2uI4MjQjzysHB1zxuWL50hzaeXiw==",
      "dev": true,
      "dependencies": {
        "mime-db": "1.52.0"
      },
      "engines": {
        "node": ">= 0.6"
      }
    },
    "node_modules/parse5": {
      "version": "7.1.1",
      "resolved": "https://registry.npmjs.org/parse5/-/parse5-7.1.1.tgz",
      "integrity": "sha512-kwpuwzB+px5WUg9pyK0IcK/shltJN5/OVhQagxhCQNtT9Y9QRZqNY2e1cmbu/paRh5LMnz/oVTVLBpjFmMZhSg==",
      "dev": true,
      "dependencies": {
        "entities": "^4.4.0"
      },
      "funding": {
        "url": "https://github.com/inikulin/parse5?sponsor=1"
      }
    },
    "node_modules/to-fast-properties": {
      "version": "2.0.0",
      "resolved": "https://registry.npmjs.org/to-fast-properties/-/to-fast-properties-2.0.0.tgz",
      "integrity": "sha512-/OaKK0xYrs3DmxRYqL/yDc+FxFUVYhDlXMhRmv3z915w2HF1tnN1omB354j8VUGO/hbRzyD6Y3sA7v7GS/ceog==",
      "dev": true,
      "engines": {
        "node": ">=4"
      }
    },
    "node_modules/types-registry": {
      "version": "0.1.633",
      "resolved": "https://registry.npmjs.org/types-registry/-/types-registry-0.1.633.tgz",
      "integrity": "sha512-9wJ35Z4MwyE5B9IqS0rPDTotLlXLk+qQRReFahw3v+iVB8HGR8V5/6YYNG2mpIz00nhauJKI3QESVKVVBJrHvA=="
    }
  },
  "dependencies": {
    "@babel/helper-string-parser": {
      "version": "7.19.4",
      "resolved": "https://registry.npmjs.org/@babel/helper-string-parser/-/helper-string-parser-7.19.4.tgz",
      "integrity": "sha512-nHtDoQcuqFmwYNYPz3Rah5ph2p8PFeFCsZk9A/48dPc/rGocJ5J3hAAZ7pb76VWX3fZKu+uEr/FhH5jLx7umrw==",
      "dev": true
    },
    "@babel/helper-validator-identifier": {
      "version": "7.19.1",
      "resolved": "https://registry.npmjs.org/@babel/helper-validator-identifier/-/helper-validator-identifier-7.19.1.tgz",
      "integrity": "sha512-awrNfaMtnHUr653GgGEs++LlAvW6w+DcPrOliSMXWCKo597CwL5Acf/wWdNkf/tfEQE3mjkeD1YOVZOUV/od1w==",
      "dev": true
    },
    "@babel/parser": {
      "version": "7.20.15",
      "resolved": "https://registry.npmjs.org/@babel/parser/-/parser-7.20.15.tgz",
      "integrity": "sha512-DI4a1oZuf8wC+oAJA9RW6ga3Zbe8RZFt7kD9i4qAspz3I/yHet1VvC3DiSy/fsUvv5pvJuNPh0LPOdCcqinDPg==",
      "dev": true
    },
    "@babel/types": {
      "version": "7.20.7",
      "resolved": "https://registry.npmjs.org/@babel/types/-/types-7.20.7.tgz",
      "integrity": "sha512-69OnhBxSSgK0OzTJai4kyPDiKTIe3j+ctaHdIGVbRahTLAT7L3R9oeXHC2aVSuGYt3cVnoAMDmOCgJ2yaiLMvg==",
      "dev": true,
      "requires": {
        "@babel/helper-string-parser": "^7.19.4",
        "@babel/helper-validator-identifier": "^7.19.1",
        "to-fast-properties": "^2.0.0"
      }
    },
    "@types/babel__core": {
      "version": "7.20.0",
      "resolved": "https://registry.npmjs.org/@types/babel__core/-/babel__core-7.20.0.tgz",
      "integrity": "sha512-+n8dL/9GWblDO0iU6eZAwEIJVr5DWigtle+Q6HLOrh/pdbXOhOtqzq8VPPE2zvNJzSKY4vH/z3iT3tn0A3ypiQ==",
      "dev": true,
      "requires": {
        "@babel/parser": "^7.20.7",
        "@babel/types": "^7.20.7",
        "@types/babel__generator": "*",
        "@types/babel__template": "*",
        "@types/babel__traverse": "*"
      }
    },
    "@types/babel__generator": {
      "version": "7.6.4",
      "resolved": "https://registry.npmjs.org/@types/babel__generator/-/babel__generator-7.6.4.tgz",
      "integrity": "sha512-tFkciB9j2K755yrTALxD44McOrk+gfpIpvC3sxHjRawj6PfnQxrse4Clq5y/Rq+G3mrBurMax/lG8Qn2t9mSsg==",
      "dev": true,
      "requires": {
        "@babel/types": "^7.0.0"
      }
    },
    "@types/babel__preset-env": {
      "version": "7.9.2",
      "resolved": "https://registry.npmjs.org/@types/babel__preset-env/-/babel__preset-env-7.9.2.tgz",
      "integrity": "sha512-epEgKQiqTDZdPgYwtriYK1GVAGcyVZVvvw2UatX3+95mogKGimebApcMEWLF12uhUbNIvX284CSQEavnV/OIgw==",
      "dev": true
    },
    "@types/babel__template": {
      "version": "7.4.1",
      "resolved": "https://registry.npmjs.org/@types/babel__template/-/babel__template-7.4.1.tgz",
      "integrity": "sha512-azBFKemX6kMg5Io+/rdGT0dkGreboUVR0Cdm3fz9QJWpaQGJRQXl7C+6hOTCZcMll7KFyEQpgbYI2lHdsS4U7g==",
      "dev": true,
      "requires": {
        "@babel/parser": "^7.1.0",
        "@babel/types": "^7.0.0"
      }
    },
    "@types/babel__traverse": {
      "version": "7.18.2",
      "resolved": "https://registry.npmjs.org/@types/babel__traverse/-/babel__traverse-7.18.2.tgz",
      "integrity": "sha512-FcFaxOr2V5KZCviw1TnutEMVUVsGt4D2hP1TAfXZAMKuHYW3xQhe3jTxNPWutgCJ3/X1c5yX8ZoGVEItxKbwBg==",
      "dev": true,
      "requires": {
        "@babel/types": "^7.3.0"
      }
    },
    "@types/babel-core": {
      "version": "6.25.7",
      "resolved": "https://registry.npmjs.org/@types/babel-core/-/babel-core-6.25.7.tgz",
      "integrity": "sha512-WPnyzNFVRo6bxpr7bcL27qXtNKNQ3iToziNBpibaXHyKGWQA0+tTLt73QQxC/5zzbM544ih6Ni5L5xrck6rGwg==",
      "dev": true,
      "requires": {
        "@types/babel-generator": "*",
        "@types/babel-template": "*",
        "@types/babel-traverse": "*",
        "@types/babel-types": "*",
        "@types/babylon": "*"
      }
    },
    "@types/babel-generator": {
      "version": "6.25.5",
      "resolved": "https://registry.npmjs.org/@types/babel-generator/-/babel-generator-6.25.5.tgz",
      "integrity": "sha512-lhbwMlAy5rfWG+R6l8aPtJdEFX/kcv6LMFIuvUb0i89ehqgD24je9YcB+0fRspQhgJGlEsUImxpw4pQeKS/+8Q==",
      "dev": true,
      "requires": {
        "@types/babel-types": "*"
      }
    },
    "@types/babel-template": {
      "version": "6.25.2",
      "resolved": "https://registry.npmjs.org/@types/babel-template/-/babel-template-6.25.2.tgz",
      "integrity": "sha512-QKtDQRJmAz3Y1HSxfMl0syIHebMc/NnOeH/8qeD0zjgU2juD0uyC922biMxCy5xjTNvHinigML2l8kxE8eEBmw==",
      "dev": true,
      "requires": {
        "@types/babel-types": "*",
        "@types/babylon": "*"
      }
    },
    "@types/babel-traverse": {
      "version": "6.25.7",
      "resolved": "https://registry.npmjs.org/@types/babel-traverse/-/babel-traverse-6.25.7.tgz",
      "integrity": "sha512-BeQiEGLnVzypzBdsexEpZAHUx+WucOMXW6srEWDkl4SegBlaCy+iBvRO+4vz6EZ+BNQg22G4MCdDdvZxf+jW5A==",
      "dev": true,
      "requires": {
        "@types/babel-types": "*"
      }
    },
    "@types/babel-types": {
      "version": "7.0.11",
      "resolved": "https://registry.npmjs.org/@types/babel-types/-/babel-types-7.0.11.tgz",
      "integrity": "sha512-pkPtJUUY+Vwv6B1inAz55rQvivClHJxc9aVEPPmaq2cbyeMLCiDpbKpcKyX4LAwpNGi+SHBv0tHv6+0gXv0P2A==",
      "dev": true
    },
    "@types/babylon": {
      "version": "6.16.6",
      "resolved": "https://registry.npmjs.org/@types/babylon/-/babylon-6.16.6.tgz",
      "integrity": "sha512-G4yqdVlhr6YhzLXFKy5F7HtRBU8Y23+iWy7UKthMq/OSQnL1hbsoeXESQ2LY8zEDlknipDG3nRGhUC9tkwvy/w==",
      "dev": true,
      "requires": {
        "@types/babel-types": "*"
      }
    },
    "@types/body-parser": {
      "version": "1.19.2",
      "resolved": "https://registry.npmjs.org/@types/body-parser/-/body-parser-1.19.2.tgz",
      "integrity": "sha512-ALYone6pm6QmwZoAgeyNksccT9Q4AWZQ6PvfwR37GT6r6FWUPguq6sUmNGSMV2Wr761oQoBxwGGa6DR5o1DC9g==",
      "dev": true,
      "requires": {
        "@types/connect": "*",
        "@types/node": "*"
      }
    },
    "@types/chai": {
      "version": "4.3.4",
      "resolved": "https://registry.npmjs.org/@types/chai/-/chai-4.3.4.tgz",
      "integrity": "sha512-KnRanxnpfpjUTqTCXslZSEdLfXExwgNxYPdiO2WGUj8+HDjFi8R3k5RVKPeSCzLjCcshCAtVO2QBbVuAV4kTnw==",
      "dev": true
    },
    "@types/chai-dom": {
      "version": "1.11.0",
      "resolved": "https://registry.npmjs.org/@types/chai-dom/-/chai-dom-1.11.0.tgz",
      "integrity": "sha512-Aja99Mmnny+Sz+T2hBK3oEsrcy18yabplT0pGX/QwIke9jMJHdvHlV2f4Tmq5SqxTMYwt1Zjbisv/4r83EUIHw==",
      "dev": true,
      "requires": {
        "@types/chai": "*"
      }
    },
    "@types/chai-spies": {
      "version": "1.0.3",
      "resolved": "https://registry.npmjs.org/@types/chai-spies/-/chai-spies-1.0.3.tgz",
      "integrity": "sha512-RBZjhVuK7vrg4rWMt04UF5zHYwfHnpk5mIWu3nQvU3AKGDixXzSjZ6v0zke6pBcaJqMv3IBZ5ibLWPMRDL0sLw==",
      "dev": true,
      "requires": {
        "@types/chai": "*"
      }
    },
    "@types/connect": {
      "version": "3.4.35",
      "resolved": "https://registry.npmjs.org/@types/connect/-/connect-3.4.35.tgz",
      "integrity": "sha512-cdeYyv4KWoEgpBISTxWvqYsVy444DOqehiF3fM3ne10AmJ62RSyNkUnxMJXHQWRQQX2eR94m5y1IZyDwBjV9FQ==",
      "dev": true,
      "requires": {
        "@types/node": "*"
      }
    },
    "@types/express": {
      "version": "4.17.15",
      "resolved": "https://registry.npmjs.org/@types/express/-/express-4.17.15.tgz",
      "integrity": "sha512-Yv0k4bXGOH+8a+7bELd2PqHQsuiANB+A8a4gnQrkRWzrkKlb6KHaVvyXhqs04sVW/OWlbPyYxRgYlIXLfrufMQ==",
      "dev": true,
      "requires": {
        "@types/body-parser": "*",
        "@types/express-serve-static-core": "^4.17.31",
        "@types/qs": "*",
        "@types/serve-static": "*"
      }
    },
    "@types/express-serve-static-core": {
      "version": "4.17.31",
      "resolved": "https://registry.npmjs.org/@types/express-serve-static-core/-/express-serve-static-core-4.17.31.tgz",
      "integrity": "sha512-DxMhY+NAsTwMMFHBTtJFNp5qiHKJ7TeqOo23zVEM9alT1Ml27Q3xcTH0xwxn7Q0BbMcVEJOs/7aQtUWupUQN3Q==",
      "dev": true,
      "requires": {
        "@types/node": "*",
        "@types/qs": "*",
        "@types/range-parser": "*"
      }
    },
    "@types/html-encoding-sniffer": {
      "version": "3.0.0",
      "resolved": "https://registry.npmjs.org/@types/html-encoding-sniffer/-/html-encoding-sniffer-3.0.0.tgz",
      "integrity": "sha512-QZPmoGcSNPN7uefmW8gufE7uJRE6MRvDIocNBKn7Sge5bQKwu9ZT1OsckXzKTkmOQYtkCAsch6qDxGu6b0Jxtg==",
      "dev": true
    },
    "@types/jsdom": {
      "version": "21.1.0",
      "resolved": "https://registry.npmjs.org/@types/jsdom/-/jsdom-21.1.0.tgz",
      "integrity": "sha512-leWreJOdnuIxq9Y70tBVm/bvTuh31DSlF/r4l7Cfi4uhVQqLHD0Q4v301GMisEMwwbMgF7ZKxuZ+Jbd4NcdmRw==",
      "dev": true,
      "requires": {
        "@types/node": "*",
        "@types/tough-cookie": "*",
        "parse5": "^7.0.0"
      }
    },
    "@types/json-server": {
      "version": "0.14.4",
      "resolved": "https://registry.npmjs.org/@types/json-server/-/json-server-0.14.4.tgz",
      "integrity": "sha512-mzeeqxw4cl+1hKm/Fp8ELhrukX2r7312G5DfdksLSpQCSeczauohzX4kbQWa4xUN7FlClct6nBubr1tos+XIeQ==",
      "dev": true,
      "requires": {
        "@types/connect": "*",
        "@types/express": "*",
        "@types/lowdb": "*"
      }
    },
    "@types/lodash": {
      "version": "4.14.191",
      "resolved": "https://registry.npmjs.org/@types/lodash/-/lodash-4.14.191.tgz",
      "integrity": "sha512-BdZ5BCCvho3EIXw6wUCXHe7rS53AIDPLE+JzwgT+OsJk53oBfbSmZZ7CX4VaRoN78N+TJpFi9QPlfIVNmJYWxQ==",
      "dev": true
    },
    "@types/lowdb": {
      "version": "1.0.11",
      "resolved": "https://registry.npmjs.org/@types/lowdb/-/lowdb-1.0.11.tgz",
      "integrity": "sha512-h99VMxvTuz+VsXUVCCJo4dsps4vbkXwvU71TpmxDoiBU24bJ0VBygIHgmMm+UPoQIFihmV6euRik4z8J7XDJWg==",
      "dev": true,
      "requires": {
        "@types/lodash": "*"
      }
    },
    "@types/mime": {
      "version": "3.0.1",
      "resolved": "https://registry.npmjs.org/@types/mime/-/mime-3.0.1.tgz",
      "integrity": "sha512-Y4XFY5VJAuw0FgAqPNd6NNoV44jbq9Bz2L7Rh/J6jLTiHBSBJa9fxqQIvkIld4GsoDOcCbvzOUAbLPsSKKg+uA==",
      "dev": true
    },
    "@types/mocha": {
      "version": "10.0.1",
      "resolved": "https://registry.npmjs.org/@types/mocha/-/mocha-10.0.1.tgz",
      "integrity": "sha512-/fvYntiO1GeICvqbQ3doGDIP97vWmvFt83GKguJ6prmQM2iXZfFcq6YE8KteFyRtX2/h5Hf91BYvPodJKFYv5Q==",
      "dev": true
    },
    "@types/node": {
      "version": "18.11.9",
      "resolved": "https://registry.npmjs.org/@types/node/-/node-18.11.9.tgz",
      "integrity": "sha512-CRpX21/kGdzjOpFsZSkcrXMGIBWMGNIHXXBVFSH+ggkftxg+XYP20TESbh+zFvFj3EQOl5byk0HTRn1IL6hbqg==",
      "dev": true
    },
    "@types/node-fetch": {
      "version": "2.6.2",
      "resolved": "https://registry.npmjs.org/@types/node-fetch/-/node-fetch-2.6.2.tgz",
      "integrity": "sha512-DHqhlq5jeESLy19TYhLakJ07kNumXWjcDdxXsLUMJZ6ue8VZJj4kLPQVE/2mdHh3xZziNF1xppu5lwmS53HR+A==",
      "dev": true,
      "requires": {
        "@types/node": "*",
        "form-data": "^3.0.0"
      }
    },
    "@types/prompt-sync": {
      "version": "4.2.0",
      "resolved": "https://registry.npmjs.org/@types/prompt-sync/-/prompt-sync-4.2.0.tgz",
      "integrity": "sha512-5RPQYDT7MNkt+vq6xp58tSPx4THANyQcBSaw3Ni+KV7MUAgvUUbmCsQmcPVrcc8dwuURSPixz2qTJdJF6ABSKw==",
      "dev": true
    },
    "@types/qs": {
      "version": "6.9.7",
      "resolved": "https://registry.npmjs.org/@types/qs/-/qs-6.9.7.tgz",
      "integrity": "sha512-FGa1F62FT09qcrueBA6qYTrJPVDzah9a+493+o2PCXsesWHIn27G98TsSMs3WPNbZIEj4+VJf6saSFpvD+3Zsw==",
      "dev": true
    },
    "@types/range-parser": {
      "version": "1.2.4",
      "resolved": "https://registry.npmjs.org/@types/range-parser/-/range-parser-1.2.4.tgz",
      "integrity": "sha512-EEhsLsD6UsDM1yFhAvy0Cjr6VwmpMWqFBCb9w07wVugF7w9nfajxLuVmngTIpgS6svCnm6Vaw+MZhoDCKnOfsw==",
      "dev": true
    },
    "@types/serve-static": {
      "version": "1.15.0",
      "resolved": "https://registry.npmjs.org/@types/serve-static/-/serve-static-1.15.0.tgz",
      "integrity": "sha512-z5xyF6uh8CbjAu9760KDKsH2FcDxZ2tFCsA4HIMWE6IkiYMXfVoa+4f9KX+FN0ZLsaMw1WNG2ETLA6N+/YA+cg==",
      "dev": true,
      "requires": {
        "@types/mime": "*",
        "@types/node": "*"
      }
    },
    "@types/sinon": {
      "version": "10.0.13",
      "resolved": "https://registry.npmjs.org/@types/sinon/-/sinon-10.0.13.tgz",
      "integrity": "sha512-UVjDqJblVNQYvVNUsj0PuYYw0ELRmgt1Nt5Vk0pT5f16ROGfcKJY8o1HVuMOJOpD727RrGB9EGvoaTQE5tgxZQ==",
      "dev": true,
      "requires": {
        "@types/sinonjs__fake-timers": "*"
      }
    },
    "@types/sinon-stub-promise": {
      "version": "2.1.7",
      "resolved": "https://registry.npmjs.org/@types/sinon-stub-promise/-/sinon-stub-promise-2.1.7.tgz",
      "integrity": "sha512-61bXEDKZLappXuD+G1BnmhugnCjZ7JfGZ9T43Ku9+34pz6cpjN3C3nILq+2tP5EqCvfz/8fGtBEmQjNOxF+r9Q==",
      "dev": true,
      "requires": {
        "@types/sinon": "*"
      }
    },
    "@types/sinonjs__fake-timers": {
      "version": "8.1.2",
      "resolved": "https://registry.npmjs.org/@types/sinonjs__fake-timers/-/sinonjs__fake-timers-8.1.2.tgz",
      "integrity": "sha512-9GcLXF0/v3t80caGs5p2rRfkB+a8VBGLJZVih6CNFkx8IZ994wiKKLSRs9nuFwk1HevWs/1mnUmkApGrSGsShA==",
      "dev": true
    },
    "@types/tough-cookie": {
      "version": "4.0.2",
      "resolved": "https://registry.npmjs.org/@types/tough-cookie/-/tough-cookie-4.0.2.tgz",
      "integrity": "sha512-Q5vtl1W5ue16D+nIaW8JWebSSraJVlK+EthKn7e7UcD4KWsaSJ8BqGPXNaPghgtcn/fhvrN17Tv8ksUsQpiplw==",
      "dev": true
    },
    "@types/webidl-conversions": {
      "version": "7.0.0",
      "resolved": "https://registry.npmjs.org/@types/webidl-conversions/-/webidl-conversions-7.0.0.tgz",
      "integrity": "sha512-xTE1E+YF4aWPJJeUzaZI5DRntlkY3+BCVJi0axFptnjGmAoWxkyREIh/XMrfxVLejwQxMCfDXdICo0VLxThrog==",
      "dev": true
    },
    "@types/whatwg-encoding": {
      "version": "2.0.0",
      "resolved": "https://registry.npmjs.org/@types/whatwg-encoding/-/whatwg-encoding-2.0.0.tgz",
      "integrity": "sha512-vobcY1B39SA3vqv1i2Flj97NkCBVsoqgx0+EL94bg1Cy1DYyLf0RaKEkKaU/iOyW74bGRu/Ehr2fGdRUu4D/oA==",
      "dev": true
    },
    "@types/whatwg-mimetype": {
      "version": "3.0.0",
      "resolved": "https://registry.npmjs.org/@types/whatwg-mimetype/-/whatwg-mimetype-3.0.0.tgz",
      "integrity": "sha512-xHFOhd41VpUR6Y0k8ZinlyFv5cyhC/r2zghJgWWN8oNxqNo45Nf0qCBInJsFeifLeoHcIF4voEfap4A2GYHWkw==",
      "dev": true
    },
    "@types/whatwg-url": {
      "version": "11.0.0",
      "resolved": "https://registry.npmjs.org/@types/whatwg-url/-/whatwg-url-11.0.0.tgz",
      "integrity": "sha512-4F6szvZP3FM5HvJAmcInXBfrAhvM4tLIc8MO1nXwabG5TZVOLxVmAXRpICqXYd3lBlomSRGmLCopYV+yTocgpQ==",
      "dev": true,
      "requires": {
        "@types/webidl-conversions": "*"
      }
    },
    "asynckit": {
      "version": "0.4.0",
      "resolved": "https://registry.npmjs.org/asynckit/-/asynckit-0.4.0.tgz",
      "integrity": "sha512-Oei9OH4tRh0YqU3GxhX79dM/mwVgvbZJaSNaRk+bshkj0S5cfHcgYakreBjrHwatXKbz+IoIdYLxrKim2MjW0Q==",
      "dev": true
    },
    "combined-stream": {
      "version": "1.0.8",
      "resolved": "https://registry.npmjs.org/combined-stream/-/combined-stream-1.0.8.tgz",
      "integrity": "sha512-FQN4MRfuJeHf7cBbBMJFXhKSDq+2kAArBlmRBvcvFE5BB1HZKXtSFASDhdlz9zOYwxh8lDdnvmMOe/+5cdoEdg==",
      "dev": true,
      "requires": {
        "delayed-stream": "~1.0.0"
      }
    },
    "delayed-stream": {
      "version": "1.0.0",
      "resolved": "https://registry.npmjs.org/delayed-stream/-/delayed-stream-1.0.0.tgz",
      "integrity": "sha512-ZySD7Nf91aLB0RxL4KGrKHBXl7Eds1DAmEdcoVawXnLD7SDhpNgtuII2aAkg7a7QS41jxPSZ17p4VdGnMHk3MQ==",
      "dev": true
    },
    "entities": {
      "version": "4.4.0",
      "resolved": "https://registry.npmjs.org/entities/-/entities-4.4.0.tgz",
      "integrity": "sha512-oYp7156SP8LkeGD0GF85ad1X9Ai79WtRsZ2gxJqtBuzH+98YUV6jkHEKlZkMbcrjJjIVJNIDP/3WL9wQkoPbWA==",
      "dev": true
    },
    "form-data": {
      "version": "3.0.1",
      "resolved": "https://registry.npmjs.org/form-data/-/form-data-3.0.1.tgz",
      "integrity": "sha512-RHkBKtLWUVwd7SqRIvCZMEvAMoGUp0XU+seQiZejj0COz3RI3hWP4sCv3gZWWLjJTd7rGwcsF5eKZGii0r/hbg==",
      "dev": true,
      "requires": {
        "asynckit": "^0.4.0",
        "combined-stream": "^1.0.8",
        "mime-types": "^2.1.12"
      }
    },
    "mime-db": {
      "version": "1.52.0",
      "resolved": "https://registry.npmjs.org/mime-db/-/mime-db-1.52.0.tgz",
      "integrity": "sha512-sPU4uV7dYlvtWJxwwxHD0PuihVNiE7TyAbQ5SWxDCB9mUYvOgroQOwYQQOKPJ8CIbE+1ETVlOoK1UC2nU3gYvg==",
      "dev": true
    },
    "mime-types": {
      "version": "2.1.35",
      "resolved": "https://registry.npmjs.org/mime-types/-/mime-types-2.1.35.tgz",
      "integrity": "sha512-ZDY+bPm5zTTF+YpCrAU9nK0UgICYPT0QtT1NZWFv4s++TNkcgVaT0g6+4R2uI4MjQjzysHB1zxuWL50hzaeXiw==",
      "dev": true,
      "requires": {
        "mime-db": "1.52.0"
      }
    },
    "parse5": {
      "version": "7.1.1",
      "resolved": "https://registry.npmjs.org/parse5/-/parse5-7.1.1.tgz",
      "integrity": "sha512-kwpuwzB+px5WUg9pyK0IcK/shltJN5/OVhQagxhCQNtT9Y9QRZqNY2e1cmbu/paRh5LMnz/oVTVLBpjFmMZhSg==",
      "dev": true,
      "requires": {
        "entities": "^4.4.0"
      }
    },
    "to-fast-properties": {
      "version": "2.0.0",
      "resolved": "https://registry.npmjs.org/to-fast-properties/-/to-fast-properties-2.0.0.tgz",
      "integrity": "sha512-/OaKK0xYrs3DmxRYqL/yDc+FxFUVYhDlXMhRmv3z915w2HF1tnN1omB354j8VUGO/hbRzyD6Y3sA7v7GS/ceog==",
      "dev": true
    },
    "types-registry": {
      "version": "0.1.633",
      "resolved": "https://registry.npmjs.org/types-registry/-/types-registry-0.1.633.tgz",
      "integrity": "sha512-9wJ35Z4MwyE5B9IqS0rPDTotLlXLk+qQRReFahw3v+iVB8HGR8V5/6YYNG2mpIz00nhauJKI3QESVKVVBJrHvA=="
    }
  }
}
